// !$*UTF8*$!
{
	archiveVersion = 1;
	classes = {
	};
	objectVersion = 56;
	objects = {

/* Begin PBXBuildFile section */
		135FFC8D291BA4A30056A4F3 /* PokedexApp.swift in Sources */ = {isa = PBXBuildFile; fileRef = 135FFC8C291BA4A30056A4F3 /* PokedexApp.swift */; };
		135FFC8F291BA4A30056A4F3 /* ContentView.swift in Sources */ = {isa = PBXBuildFile; fileRef = 135FFC8E291BA4A30056A4F3 /* ContentView.swift */; };
		135FFC91291BA4A40056A4F3 /* Assets.xcassets in Resources */ = {isa = PBXBuildFile; fileRef = 135FFC90291BA4A40056A4F3 /* Assets.xcassets */; };
		135FFC94291BA4A40056A4F3 /* Preview Assets.xcassets in Resources */ = {isa = PBXBuildFile; fileRef = 135FFC93291BA4A40056A4F3 /* Preview Assets.xcassets */; };
		135FFC9C291BA50B0056A4F3 /* pokemon.json in Resources */ = {isa = PBXBuildFile; fileRef = 135FFC9B291BA50B0056A4F3 /* pokemon.json */; };
		135FFC9F291BA5DA0056A4F3 /* Helpers.swift in Sources */ = {isa = PBXBuildFile; fileRef = 135FFC9E291BA5DA0056A4F3 /* Helpers.swift */; };
		135FFCA2291BA87A0056A4F3 /* PokemonModel.swift in Sources */ = {isa = PBXBuildFile; fileRef = 135FFCA1291BA87A0056A4F3 /* PokemonModel.swift */; };
		135FFCA5291BA9AB0056A4F3 /* ViewModel.swift in Sources */ = {isa = PBXBuildFile; fileRef = 135FFCA4291BA9AB0056A4F3 /* ViewModel.swift */; };
		135FFCA8291BAA000056A4F3 /* PokemonManager.swift in Sources */ = {isa = PBXBuildFile; fileRef = 135FFCA7291BAA000056A4F3 /* PokemonManager.swift */; };
		135FFCAB291BADD00056A4F3 /* PokemonDetailView.swift in Sources */ = {isa = PBXBuildFile; fileRef = 135FFCAA291BADD00056A4F3 /* PokemonDetailView.swift */; };
		135FFCAD291BAF460056A4F3 /* PokemonView.swift in Sources */ = {isa = PBXBuildFile; fileRef = 135FFCAC291BAF460056A4F3 /* PokemonView.swift */; };
/* End PBXBuildFile section */

/* Begin PBXFileReference section */
		135FFC89291BA4A30056A4F3 /* Pokedex.app */ = {isa = PBXFileReference; explicitFileType = wrapper.application; includeInIndex = 0; path = Pokedex.app; sourceTree = BUILT_PRODUCTS_DIR; };
		135FFC8C291BA4A30056A4F3 /* PokedexApp.swift */ = {isa = PBXFileReference; lastKnownFileType = sourcecode.swift; path = PokedexApp.swift; sourceTree = "<group>"; };
		135FFC8E291BA4A30056A4F3 /* ContentView.swift */ = {isa = PBXFileReference; lastKnownFileType = sourcecode.swift; path = ContentView.swift; sourceTree = "<group>"; };
		135FFC90291BA4A40056A4F3 /* Assets.xcassets */ = {isa = PBXFileReference; lastKnownFileType = folder.assetcatalog; path = Assets.xcassets; sourceTree = "<group>"; };
		135FFC93291BA4A40056A4F3 /* Preview Assets.xcassets */ = {isa = PBXFileReference; lastKnownFileType = folder.assetcatalog; path = "Preview Assets.xcassets"; sourceTree = "<group>"; };
		135FFC9B291BA50B0056A4F3 /* pokemon.json */ = {isa = PBXFileReference; lastKnownFileType = text.json; path = pokemon.json; sourceTree = "<group>"; };
		135FFC9E291BA5DA0056A4F3 /* Helpers.swift */ = {isa = PBXFileReference; lastKnownFileType = sourcecode.swift; path = Helpers.swift; sourceTree = "<group>"; };
		135FFCA1291BA87A0056A4F3 /* PokemonModel.swift */ = {isa = PBXFileReference; lastKnownFileType = sourcecode.swift; path = PokemonModel.swift; sourceTree = "<group>"; };
		135FFCA4291BA9AB0056A4F3 /* ViewModel.swift */ = {isa = PBXFileReference; lastKnownFileType = sourcecode.swift; path = ViewModel.swift; sourceTree = "<group>"; };
		135FFCA7291BAA000056A4F3 /* PokemonManager.swift */ = {isa = PBXFileReference; lastKnownFileType = sourcecode.swift; path = PokemonManager.swift; sourceTree = "<group>"; };
		135FFCAA291BADD00056A4F3 /* PokemonDetailView.swift */ = {isa = PBXFileReference; lastKnownFileType = sourcecode.swift; path = PokemonDetailView.swift; sourceTree = "<group>"; };
		135FFCAC291BAF460056A4F3 /* PokemonView.swift */ = {isa = PBXFileReference; lastKnownFileType = sourcecode.swift; path = PokemonView.swift; sourceTree = "<group>"; };
/* End PBXFileReference section */

/* Begin PBXFrameworksBuildPhase section */
		135FFC86291BA4A30056A4F3 /* Frameworks */ = {
			isa = PBXFrameworksBuildPhase;
			buildActionMask = 2147483647;
			files = (
			);
			runOnlyForDeploymentPostprocessing = 0;
		};
/* End PBXFrameworksBuildPhase section */

/* Begin PBXGroup section */
		135FFC80291BA4A30056A4F3 = {
			isa = PBXGroup;
			children = (
				135FFC8B291BA4A30056A4F3 /* Pokedex */,
				135FFC8A291BA4A30056A4F3 /* Products */,
			);
			sourceTree = "<group>";
		};
		135FFC8A291BA4A30056A4F3 /* Products */ = {
			isa = PBXGroup;
			children = (
				135FFC89291BA4A30056A4F3 /* Pokedex.app */,
			);
			name = Products;
			sourceTree = "<group>";
		};
		135FFC8B291BA4A30056A4F3 /* Pokedex */ = {
			isa = PBXGroup;
			children = (
				135FFC8C291BA4A30056A4F3 /* PokedexApp.swift */,
				135FFC90291BA4A40056A4F3 /* Assets.xcassets */,
				135FFC9A291BA4E70056A4F3 /* Data */,
				135FFC9D291BA5A80056A4F3 /* Helpers */,
				135FFCA6291BA9D40056A4F3 /* Managers */,
				135FFCA0291BA8620056A4F3 /* Models */,
				135FFC92291BA4A40056A4F3 /* Preview Content */,
				135FFCA3291BA95A0056A4F3 /* ViewModels */,
				135FFCA9291BAD250056A4F3 /* Views */,
			);
			path = Pokedex;
			sourceTree = "<group>";
		};
		135FFC92291BA4A40056A4F3 /* Preview Content */ = {
			isa = PBXGroup;
			children = (
				135FFC93291BA4A40056A4F3 /* Preview Assets.xcassets */,
			);
			path = "Preview Content";
			sourceTree = "<group>";
		};
		135FFC9A291BA4E70056A4F3 /* Data */ = {
			isa = PBXGroup;
			children = (
				135FFC9B291BA50B0056A4F3 /* pokemon.json */,
			);
			path = Data;
			sourceTree = "<group>";
		};
		135FFC9D291BA5A80056A4F3 /* Helpers */ = {
			isa = PBXGroup;
			children = (
				135FFC9E291BA5DA0056A4F3 /* Helpers.swift */,
			);
			path = Helpers;
			sourceTree = "<group>";
		};
		135FFCA0291BA8620056A4F3 /* Models */ = {
			isa = PBXGroup;
			children = (
				135FFCA1291BA87A0056A4F3 /* PokemonModel.swift */,
			);
			path = Models;
			sourceTree = "<group>";
		};
		135FFCA3291BA95A0056A4F3 /* ViewModels */ = {
			isa = PBXGroup;
			children = (
				135FFCA4291BA9AB0056A4F3 /* ViewModel.swift */,
			);
			path = ViewModels;
			sourceTree = "<group>";
		};
		135FFCA6291BA9D40056A4F3 /* Managers */ = {
			isa = PBXGroup;
			children = (
				135FFCA7291BAA000056A4F3 /* PokemonManager.swift */,
			);
			path = Managers;
			sourceTree = "<group>";
		};
		135FFCA9291BAD250056A4F3 /* Views */ = {
			isa = PBXGroup;
			children = (
				135FFC8E291BA4A30056A4F3 /* ContentView.swift */,
				135FFCAA291BADD00056A4F3 /* PokemonDetailView.swift */,
				135FFCAC291BAF460056A4F3 /* PokemonView.swift */,
			);
			path = Views;
			sourceTree = "<group>";
		};
/* End PBXGroup section */

/* Begin PBXNativeTarget section */
		135FFC88291BA4A30056A4F3 /* Pokedex */ = {
			isa = PBXNativeTarget;
			buildConfigurationList = 135FFC97291BA4A40056A4F3 /* Build configuration list for PBXNativeTarget "Pokedex" */;
			buildPhases = (
				135FFC85291BA4A30056A4F3 /* Sources */,
				135FFC86291BA4A30056A4F3 /* Frameworks */,
				135FFC87291BA4A30056A4F3 /* Resources */,
			);
			buildRules = (
			);
			dependencies = (
			);
			name = Pokedex;
			productName = Pokedex;
			productReference = 135FFC89291BA4A30056A4F3 /* Pokedex.app */;
			productType = "com.apple.product-type.application";
		};
/* End PBXNativeTarget section */

/* Begin PBXProject section */
		135FFC81291BA4A30056A4F3 /* Project object */ = {
			isa = PBXProject;
			attributes = {
				BuildIndependentTargetsInParallel = 1;
				LastSwiftUpdateCheck = 1400;
				LastUpgradeCheck = 1400;
				TargetAttributes = {
					135FFC88291BA4A30056A4F3 = {
						CreatedOnToolsVersion = 14.0.1;
					};
				};
			};
			buildConfigurationList = 135FFC84291BA4A30056A4F3 /* Build configuration list for PBXProject "Pokedex" */;
			compatibilityVersion = "Xcode 14.0";
			developmentRegion = en;
			hasScannedForEncodings = 0;
			knownRegions = (
				en,
				Base,
			);
			mainGroup = 135FFC80291BA4A30056A4F3;
			productRefGroup = 135FFC8A291BA4A30056A4F3 /* Products */;
			projectDirPath = "";
			projectRoot = "";
			targets = (
				135FFC88291BA4A30056A4F3 /* Pokedex */,
			);
		};
/* End PBXProject section */

/* Begin PBXResourcesBuildPhase section */
		135FFC87291BA4A30056A4F3 /* Resources */ = {
			isa = PBXResourcesBuildPhase;
			buildActionMask = 2147483647;
			files = (
				135FFC94291BA4A40056A4F3 /* Preview Assets.xcassets in Resources */,
				135FFC9C291BA50B0056A4F3 /* pokemon.json in Resources */,
				135FFC91291BA4A40056A4F3 /* Assets.xcassets in Resources */,
			);
			runOnlyForDeploymentPostprocessing = 0;
		};
/* End PBXResourcesBuildPhase section */

/* Begin PBXSourcesBuildPhase section */
		135FFC85291BA4A30056A4F3 /* Sources */ = {
			isa = PBXSourcesBuildPhase;
			buildActionMask = 2147483647;
			files = (
				135FFCAD291BAF460056A4F3 /* PokemonView.swift in Sources */,
				135FFCA5291BA9AB0056A4F3 /* ViewModel.swift in Sources */,
				135FFCA8291BAA000056A4F3 /* PokemonManager.swift in Sources */,
				135FFC8F291BA4A30056A4F3 /* ContentView.swift in Sources */,
				135FFC9F291BA5DA0056A4F3 /* Helpers.swift in Sources */,
				135FFC8D291BA4A30056A4F3 /* PokedexApp.swift in Sources */,
				135FFCAB291BADD00056A4F3 /* PokemonDetailView.swift in Sources */,
				135FFCA2291BA87A0056A4F3 /* PokemonModel.swift in Sources */,
			);
			runOnlyForDeploymentPostprocessing = 0;
		};
/* End PBXSourcesBuildPhase section */

/* Begin XCBuildConfiguration section */
		135FFC95291BA4A40056A4F3 /* Debug */ = {
			isa = XCBuildConfiguration;
			buildSettings = {
				ALWAYS_SEARCH_USER_PATHS = NO;
				CLANG_ANALYZER_NONNULL = YES;
				CLANG_ANALYZER_NUMBER_OBJECT_CONVERSION = YES_AGGRESSIVE;
				CLANG_CXX_LANGUAGE_STANDARD = "gnu++20";
				CLANG_ENABLE_MODULES = YES;
				CLANG_ENABLE_OBJC_ARC = YES;
				CLANG_ENABLE_OBJC_WEAK = YES;
				CLANG_WARN_BLOCK_CAPTURE_AUTORELEASING = YES;
				CLANG_WARN_BOOL_CONVERSION = YES;
				CLANG_WARN_COMMA = YES;
				CLANG_WARN_CONSTANT_CONVERSION = YES;
				CLANG_WARN_DEPRECATED_OBJC_IMPLEMENTATIONS = YES;
				CLANG_WARN_DIRECT_OBJC_ISA_USAGE = YES_ERROR;
				CLANG_WARN_DOCUMENTATION_COMMENTS = YES;
				CLANG_WARN_EMPTY_BODY = YES;
				CLANG_WARN_ENUM_CONVERSION = YES;
				CLANG_WARN_INFINITE_RECURSION = YES;
				CLANG_WARN_INT_CONVERSION = YES;
				CLANG_WARN_NON_LITERAL_NULL_CONVERSION = YES;
				CLANG_WARN_OBJC_IMPLICIT_RETAIN_SELF = YES;
				CLANG_WARN_OBJC_LITERAL_CONVERSION = YES;
				CLANG_WARN_OBJC_ROOT_CLASS = YES_ERROR;
				CLANG_WARN_QUOTED_INCLUDE_IN_FRAMEWORK_HEADER = YES;
				CLANG_WARN_RANGE_LOOP_ANALYSIS = YES;
				CLANG_WARN_STRICT_PROTOTYPES = YES;
				CLANG_WARN_SUSPICIOUS_MOVE = YES;
				CLANG_WARN_UNGUARDED_AVAILABILITY = YES_AGGRESSIVE;
				CLANG_WARN_UNREACHABLE_CODE = YES;
				CLANG_WARN__DUPLICATE_METHOD_MATCH = YES;
				COPY_PHASE_STRIP = NO;
				DEBUG_INFORMATION_FORMAT = dwarf;
				ENABLE_STRICT_OBJC_MSGSEND = YES;
				ENABLE_TESTABILITY = YES;
				GCC_C_LANGUAGE_STANDARD = gnu11;
				GCC_DYNAMIC_NO_PIC = NO;
				GCC_NO_COMMON_BLOCKS = YES;
				GCC_OPTIMIZATION_LEVEL = 0;
				GCC_PREPROCESSOR_DEFINITIONS = (
					"DEBUG=1",
					"$(inherited)",
				);
				GCC_WARN_64_TO_32_BIT_CONVERSION = YES;
				GCC_WARN_ABOUT_RETURN_TYPE = YES_ERROR;
				GCC_WARN_UNDECLARED_SELECTOR = YES;
				GCC_WARN_UNINITIALIZED_AUTOS = YES_AGGRESSIVE;
				GCC_WARN_UNUSED_FUNCTION = YES;
				GCC_WARN_UNUSED_VARIABLE = YES;
				IPHONEOS_DEPLOYMENT_TARGET = 16.0;
				MTL_ENABLE_DEBUG_INFO = INCLUDE_SOURCE;
				MTL_FAST_MATH = YES;
				ONLY_ACTIVE_ARCH = YES;
				SDKROOT = iphoneos;
				SWIFT_ACTIVE_COMPILATION_CONDITIONS = DEBUG;
				SWIFT_OPTIMIZATION_LEVEL = "-Onone";
			};
			name = Debug;
		};
		135FFC96291BA4A40056A4F3 /* Release */ = {
			isa = XCBuildConfiguration;
			buildSettings = {
				ALWAYS_SEARCH_USER_PATHS = NO;
				CLANG_ANALYZER_NONNULL = YES;
				CLANG_ANALYZER_NUMBER_OBJECT_CONVERSION = YES_AGGRESSIVE;
				CLANG_CXX_LANGUAGE_STANDARD = "gnu++20";
				CLANG_ENABLE_MODULES = YES;
				CLANG_ENABLE_OBJC_ARC = YES;
				CLANG_ENABLE_OBJC_WEAK = YES;
				CLANG_WARN_BLOCK_CAPTURE_AUTORELEASING = YES;
				CLANG_WARN_BOOL_CONVERSION = YES;
				CLANG_WARN_COMMA = YES;
				CLANG_WARN_CONSTANT_CONVERSION = YES;
				CLANG_WARN_DEPRECATED_OBJC_IMPLEMENTATIONS = YES;
				CLANG_WARN_DIRECT_OBJC_ISA_USAGE = YES_ERROR;
				CLANG_WARN_DOCUMENTATION_COMMENTS = YES;
				CLANG_WARN_EMPTY_BODY = YES;
				CLANG_WARN_ENUM_CONVERSION = YES;
				CLANG_WARN_INFINITE_RECURSION = YES;
				CLANG_WARN_INT_CONVERSION = YES;
				CLANG_WARN_NON_LITERAL_NULL_CONVERSION = YES;
				CLANG_WARN_OBJC_IMPLICIT_RETAIN_SELF = YES;
				CLANG_WARN_OBJC_LITERAL_CONVERSION = YES;
				CLANG_WARN_OBJC_ROOT_CLASS = YES_ERROR;
				CLANG_WARN_QUOTED_INCLUDE_IN_FRAMEWORK_HEADER = YES;
				CLANG_WARN_RANGE_LOOP_ANALYSIS = YES;
				CLANG_WARN_STRICT_PROTOTYPES = YES;
				CLANG_WARN_SUSPICIOUS_MOVE = YES;
				CLANG_WARN_UNGUARDED_AVAILABILITY = YES_AGGRESSIVE;
				CLANG_WARN_UNREACHABLE_CODE = YES;
				CLANG_WARN__DUPLICATE_METHOD_MATCH = YES;
				COPY_PHASE_STRIP = NO;
				DEBUG_INFORMATION_FORMAT = "dwarf-with-dsym";
				ENABLE_NS_ASSERTIONS = NO;
				ENABLE_STRICT_OBJC_MSGSEND = YES;
				GCC_C_LANGUAGE_STANDARD = gnu11;
				GCC_NO_COMMON_BLOCKS = YES;
				GCC_WARN_64_TO_32_BIT_CONVERSION = YES;
				GCC_WARN_ABOUT_RETURN_TYPE = YES_ERROR;
				GCC_WARN_UNDECLARED_SELECTOR = YES;
				GCC_WARN_UNINITIALIZED_AUTOS = YES_AGGRESSIVE;
				GCC_WARN_UNUSED_FUNCTION = YES;
				GCC_WARN_UNUSED_VARIABLE = YES;
				IPHONEOS_DEPLOYMENT_TARGET = 16.0;
				MTL_ENABLE_DEBUG_INFO = NO;
				MTL_FAST_MATH = YES;
				SDKROOT = iphoneos;
				SWIFT_COMPILATION_MODE = wholemodule;
				SWIFT_OPTIMIZATION_LEVEL = "-O";
				VALIDATE_PRODUCT = YES;
			};
			name = Release;
		};
		135FFC98291BA4A40056A4F3 /* Debug */ = {
			isa = XCBuildConfiguration;
			buildSettings = {
				ASSETCATALOG_COMPILER_APPICON_NAME = AppIcon;
				ASSETCATALOG_COMPILER_GLOBAL_ACCENT_COLOR_NAME = AccentColor;
				CODE_SIGN_STYLE = Automatic;
				CURRENT_PROJECT_VERSION = 1;
				DEVELOPMENT_ASSET_PATHS = "\"Pokedex/Preview Content\"";
				DEVELOPMENT_TEAM = K5WZPJ74D8;
				ENABLE_PREVIEWS = YES;
				GENERATE_INFOPLIST_FILE = YES;
				INFOPLIST_KEY_UIApplicationSceneManifest_Generation = YES;
				INFOPLIST_KEY_UIApplicationSupportsIndirectInputEvents = YES;
				INFOPLIST_KEY_UILaunchScreen_Generation = YES;
				INFOPLIST_KEY_UISupportedInterfaceOrientations_iPad = "UIInterfaceOrientationPortrait UIInterfaceOrientationPortraitUpsideDown UIInterfaceOrientationLandscapeLeft UIInterfaceOrientationLandscapeRight";
				INFOPLIST_KEY_UISupportedInterfaceOrientations_iPhone = "UIInterfaceOrientationPortrait UIInterfaceOrientationLandscapeLeft UIInterfaceOrientationLandscapeRight";
				LD_RUNPATH_SEARCH_PATHS = (
					"$(inherited)",
					"@executable_path/Frameworks",
				);
				MARKETING_VERSION = 1.0;
				PRODUCT_BUNDLE_IDENTIFIER = com.bugra.Pokedex;
				PRODUCT_NAME = "$(TARGET_NAME)";
				SWIFT_EMIT_LOC_STRINGS = YES;
				SWIFT_VERSION = 5.0;
				TARGETED_DEVICE_FAMILY = "1,2";
			};
			name = Debug;
		};
		135FFC99291BA4A40056A4F3 /* Release */ = {
			isa = XCBuildConfiguration;
			buildSettings = {
				ASSETCATALOG_COMPILER_APPICON_NAME = AppIcon;
				ASSETCATALOG_COMPILER_GLOBAL_ACCENT_COLOR_NAME = AccentColor;
				CODE_SIGN_STYLE = Automatic;
				CURRENT_PROJECT_VERSION = 1;
				DEVELOPMENT_ASSET_PATHS = "\"Pokedex/Preview Content\"";
				DEVELOPMENT_TEAM = K5WZPJ74D8;
				ENABLE_PREVIEWS = YES;
				GENERATE_INFOPLIST_FILE = YES;
				INFOPLIST_KEY_UIApplicationSceneManifest_Generation = YES;
				INFOPLIST_KEY_UIApplicationSupportsIndirectInputEvents = YES;
				INFOPLIST_KEY_UILaunchScreen_Generation = YES;
				INFOPLIST_KEY_UISupportedInterfaceOrientations_iPad = "UIInterfaceOrientationPortrait UIInterfaceOrientationPortraitUpsideDown UIInterfaceOrientationLandscapeLeft UIInterfaceOrientationLandscapeRight";
				INFOPLIST_KEY_UISupportedInterfaceOrientations_iPhone = "UIInterfaceOrientationPortrait UIInterfaceOrientationLandscapeLeft UIInterfaceOrientationLandscapeRight";
				LD_RUNPATH_SEARCH_PATHS = (
					"$(inherited)",
					"@executable_path/Frameworks",
				);
				MARKETING_VERSION = 1.0;
				PRODUCT_BUNDLE_IDENTIFIER = com.bugra.Pokedex;
				PRODUCT_NAME = "$(TARGET_NAME)";
				SWIFT_EMIT_LOC_STRINGS = YES;
				SWIFT_VERSION = 5.0;
				TARGETED_DEVICE_FAMILY = "1,2";
			};
			name = Release;
		};
/* End XCBuildConfiguration section */

/* Begin XCConfigurationList section */
		135FFC84291BA4A30056A4F3 /* Build configuration list for PBXProject "Pokedex" */ = {
			isa = XCConfigurationList;
			buildConfigurations = (
				135FFC95291BA4A40056A4F3 /* Debug */,
				135FFC96291BA4A40056A4F3 /* Release */,
			);
			defaultConfigurationIsVisible = 0;
			defaultConfigurationName = Release;
		};
		135FFC97291BA4A40056A4F3 /* Build configuration list for PBXNativeTarget "Pokedex" */ = {
			isa = XCConfigurationList;
			buildConfigurations = (
				135FFC98291BA4A40056A4F3 /* Debug */,
				135FFC99291BA4A40056A4F3 /* Release */,
			);
			defaultConfigurationIsVisible = 0;
			defaultConfigurationName = Release;
		};
/* End XCConfigurationList section */
	};
	rootObject = 135FFC81291BA4A30056A4F3 /* Project object */;
}
